
Microsoft Visual Studio Solution File, Format Version 12.00
# Visual Studio Version 16
VisualStudioVersion = 16.0.32228.343
MinimumVisualStudioVersion = 10.0.40219.1
Project("{FAE04EC0-301F-11D3-BF4B-00C04F79EFBC}") = "SpaceShip", "SpaceShip\SpaceShip.csproj", "{AD91F3BF-80F4-42FC-AC39-8A3A79E5497F}"
EndProject
Global
	GlobalSection(SolutionConfigurationPlatforms) = preSolution
		Debug|Any CPU = Debug|Any CPU
		Release|Any CPU = Release|Any CPU
	EndGlobalSection
	GlobalSection(ProjectConfigurationPlatforms) = postSolution
		{AD91F3BF-80F4-42FC-AC39-8A3A79E5497F}.Debug|Any CPU.ActiveCfg = Debug|Any CPU
		{AD91F3BF-80F4-42FC-AC39-8A3A79E5497F}.Debug|Any CPU.Build.0 = Debug|Any CPU
		{AD91F3BF-80F4-42FC-AC39-8A3A79E5497F}.Release|Any CPU.ActiveCfg = Release|Any CPU
		{AD91F3BF-80F4-42FC-AC39-8A3A79E5497F}.Release|Any CPU.Build.0 = Release|Any CPU
	EndGlobalSection
	GlobalSection(SolutionProperties) = preSolution
		HideSolutionNode = FALSE
	EndGlobalSection
	GlobalSection(ExtensibilityGlobals) = postSolution
		SolutionGuid = {68FC6627-DC8E-4FF6-B61F-3D4E5EA374EE}
	EndGlobalSection
EndGlobal
